// !$*UTF8*$!
{
	archiveVersion = 1;
	classes = {
	};
	objectVersion = 51;
	objects = {

/* Begin PBXBuildFile section */
		83228F5E6ADF71FA01DAF336 /* Pods_WeatherANDNewsApp.framework in Frameworks */ = {isa = PBXBuildFile; fileRef = 4CA15952B7564E0DB864429F /* Pods_WeatherANDNewsApp.framework */; };
		842A516E26FCC798007CA62F /* HTTPManager.swift in Sources */ = {isa = PBXBuildFile; fileRef = 842A516D26FCC798007CA62F /* HTTPManager.swift */; };
		842A517026FCC7A7007CA62F /* ParseManager.swift in Sources */ = {isa = PBXBuildFile; fileRef = 842A516F26FCC7A7007CA62F /* ParseManager.swift */; };
		842A517426FCCBD9007CA62F /* CurrentWeatherDescription.swift in Sources */ = {isa = PBXBuildFile; fileRef = 842A517326FCCBD9007CA62F /* CurrentWeatherDescription.swift */; };
		8453495A270B3DC2002ABC42 /* Fog.mp4 in Resources */ = {isa = PBXBuildFile; fileRef = 84534959270B3DC2002ABC42 /* Fog.mp4 */; };
		8457B72926EE3C7E00F63D01 /* AppDelegate.swift in Sources */ = {isa = PBXBuildFile; fileRef = 8457B72826EE3C7E00F63D01 /* AppDelegate.swift */; };
		8457B72B26EE3C7E00F63D01 /* SceneDelegate.swift in Sources */ = {isa = PBXBuildFile; fileRef = 8457B72A26EE3C7E00F63D01 /* SceneDelegate.swift */; };
		8457B72D26EE3C7E00F63D01 /* WeatherViewController.swift in Sources */ = {isa = PBXBuildFile; fileRef = 8457B72C26EE3C7E00F63D01 /* WeatherViewController.swift */; };
		8457B73026EE3C7E00F63D01 /* Weather.storyboard in Resources */ = {isa = PBXBuildFile; fileRef = 8457B72E26EE3C7E00F63D01 /* Weather.storyboard */; };
		8457B73226EE3C8600F63D01 /* Assets.xcassets in Resources */ = {isa = PBXBuildFile; fileRef = 8457B73126EE3C8600F63D01 /* Assets.xcassets */; };
		8457B73526EE3C8600F63D01 /* LaunchScreen.storyboard in Resources */ = {isa = PBXBuildFile; fileRef = 8457B73326EE3C8600F63D01 /* LaunchScreen.storyboard */; };
		847AC64826FB9F230011C3AB /* Main.storyboard in Resources */ = {isa = PBXBuildFile; fileRef = 847AC64726FB9F230011C3AB /* Main.storyboard */; };
		847AC64A26FBA3AD0011C3AB /* MainViewController.swift in Sources */ = {isa = PBXBuildFile; fileRef = 847AC64926FBA3AD0011C3AB /* MainViewController.swift */; };
		84BA7F2A271B0BE3004879DC /* ChooseMapViewController.swift in Sources */ = {isa = PBXBuildFile; fileRef = 84BA7F29271B0BE2004879DC /* ChooseMapViewController.swift */; };
		84BE111F26F63C9A00A2478C /* Location.storyboard in Resources */ = {isa = PBXBuildFile; fileRef = 84BE111E26F63C9A00A2478C /* Location.storyboard */; };
		84BE112126F63CB000A2478C /* LocationViewController.swift in Sources */ = {isa = PBXBuildFile; fileRef = 84BE112026F63CB000A2478C /* LocationViewController.swift */; };
		84BE112326F6415700A2478C /* UIViewController+Storyboard.swift in Sources */ = {isa = PBXBuildFile; fileRef = 84BE112226F6415700A2478C /* UIViewController+Storyboard.swift */; };
		84BE112A26F77ACA00A2478C /* Location.swift in Sources */ = {isa = PBXBuildFile; fileRef = 84BE112926F77ACA00A2478C /* Location.swift */; };
		84C4117926F343F300381A99 /* Date+Format.swift in Sources */ = {isa = PBXBuildFile; fileRef = 84C4117826F343F300381A99 /* Date+Format.swift */; };
		84C4117B26F348BF00381A99 /* CurrentWeatherMain.swift in Sources */ = {isa = PBXBuildFile; fileRef = 84C4117A26F348BF00381A99 /* CurrentWeatherMain.swift */; };
		84C4E72426F7A4E900FAC1D5 /* LocationTableViewCell.swift in Sources */ = {isa = PBXBuildFile; fileRef = 84C4E72226F7A4E900FAC1D5 /* LocationTableViewCell.swift */; };
		84C4E72526F7A4E900FAC1D5 /* LocationTableViewCell.xib in Resources */ = {isa = PBXBuildFile; fileRef = 84C4E72326F7A4E900FAC1D5 /* LocationTableViewCell.xib */; };
/* End PBXBuildFile section */

/* Begin PBXFileReference section */
		3B20C5E7CB043DBCA2A5090A /* Pods-WeatherANDNewsApp.debug.xcconfig */ = {isa = PBXFileReference; includeInIndex = 1; lastKnownFileType = text.xcconfig; name = "Pods-WeatherANDNewsApp.debug.xcconfig"; path = "Target Support Files/Pods-WeatherANDNewsApp/Pods-WeatherANDNewsApp.debug.xcconfig"; sourceTree = "<group>"; };
		4CA15952B7564E0DB864429F /* Pods_WeatherANDNewsApp.framework */ = {isa = PBXFileReference; explicitFileType = wrapper.framework; includeInIndex = 0; path = Pods_WeatherANDNewsApp.framework; sourceTree = BUILT_PRODUCTS_DIR; };
		842A516D26FCC798007CA62F /* HTTPManager.swift */ = {isa = PBXFileReference; lastKnownFileType = sourcecode.swift; path = HTTPManager.swift; sourceTree = "<group>"; };
		842A516F26FCC7A7007CA62F /* ParseManager.swift */ = {isa = PBXFileReference; lastKnownFileType = sourcecode.swift; path = ParseManager.swift; sourceTree = "<group>"; };
		842A517326FCCBD9007CA62F /* CurrentWeatherDescription.swift */ = {isa = PBXFileReference; lastKnownFileType = sourcecode.swift; path = CurrentWeatherDescription.swift; sourceTree = "<group>"; };
		84534959270B3DC2002ABC42 /* Fog.mp4 */ = {isa = PBXFileReference; lastKnownFileType = file; path = Fog.mp4; sourceTree = "<group>"; };
		8457B72526EE3C7E00F63D01 /* WeatherANDNewsApp.app */ = {isa = PBXFileReference; explicitFileType = wrapper.application; includeInIndex = 0; path = WeatherANDNewsApp.app; sourceTree = BUILT_PRODUCTS_DIR; };
		8457B72826EE3C7E00F63D01 /* AppDelegate.swift */ = {isa = PBXFileReference; lastKnownFileType = sourcecode.swift; path = AppDelegate.swift; sourceTree = "<group>"; };
		8457B72A26EE3C7E00F63D01 /* SceneDelegate.swift */ = {isa = PBXFileReference; lastKnownFileType = sourcecode.swift; path = SceneDelegate.swift; sourceTree = "<group>"; };
		8457B72C26EE3C7E00F63D01 /* WeatherViewController.swift */ = {isa = PBXFileReference; lastKnownFileType = sourcecode.swift; path = WeatherViewController.swift; sourceTree = "<group>"; };
		8457B72F26EE3C7E00F63D01 /* Base */ = {isa = PBXFileReference; lastKnownFileType = file.storyboard; name = Base; path = Base.lproj/Weather.storyboard; sourceTree = "<group>"; };
		8457B73126EE3C8600F63D01 /* Assets.xcassets */ = {isa = PBXFileReference; lastKnownFileType = folder.assetcatalog; path = Assets.xcassets; sourceTree = "<group>"; };
		8457B73426EE3C8600F63D01 /* Base */ = {isa = PBXFileReference; lastKnownFileType = file.storyboard; name = Base; path = Base.lproj/LaunchScreen.storyboard; sourceTree = "<group>"; };
		8457B73626EE3C8600F63D01 /* Info.plist */ = {isa = PBXFileReference; lastKnownFileType = text.plist.xml; path = Info.plist; sourceTree = "<group>"; };
		847AC64726FB9F230011C3AB /* Main.storyboard */ = {isa = PBXFileReference; lastKnownFileType = file.storyboard; path = Main.storyboard; sourceTree = "<group>"; };
		847AC64926FBA3AD0011C3AB /* MainViewController.swift */ = {isa = PBXFileReference; lastKnownFileType = sourcecode.swift; path = MainViewController.swift; sourceTree = "<group>"; };
		84BA7F29271B0BE2004879DC /* ChooseMapViewController.swift */ = {isa = PBXFileReference; lastKnownFileType = sourcecode.swift; path = ChooseMapViewController.swift; sourceTree = "<group>"; };
		84BE111E26F63C9A00A2478C /* Location.storyboard */ = {isa = PBXFileReference; lastKnownFileType = file.storyboard; path = Location.storyboard; sourceTree = "<group>"; };
		84BE112026F63CB000A2478C /* LocationViewController.swift */ = {isa = PBXFileReference; lastKnownFileType = sourcecode.swift; path = LocationViewController.swift; sourceTree = "<group>"; };
		84BE112226F6415700A2478C /* UIViewController+Storyboard.swift */ = {isa = PBXFileReference; fileEncoding = 4; lastKnownFileType = sourcecode.swift; path = "UIViewController+Storyboard.swift"; sourceTree = "<group>"; };
		84BE112926F77ACA00A2478C /* Location.swift */ = {isa = PBXFileReference; lastKnownFileType = sourcecode.swift; path = Location.swift; sourceTree = "<group>"; };
		84C4117826F343F300381A99 /* Date+Format.swift */ = {isa = PBXFileReference; fileEncoding = 4; lastKnownFileType = sourcecode.swift; path = "Date+Format.swift"; sourceTree = "<group>"; };
		84C4117A26F348BF00381A99 /* CurrentWeatherMain.swift */ = {isa = PBXFileReference; lastKnownFileType = sourcecode.swift; path = CurrentWeatherMain.swift; sourceTree = "<group>"; };
		84C4E72226F7A4E900FAC1D5 /* LocationTableViewCell.swift */ = {isa = PBXFileReference; lastKnownFileType = sourcecode.swift; path = LocationTableViewCell.swift; sourceTree = "<group>"; };
		84C4E72326F7A4E900FAC1D5 /* LocationTableViewCell.xib */ = {isa = PBXFileReference; lastKnownFileType = file.xib; path = LocationTableViewCell.xib; sourceTree = "<group>"; };
		C739BDF95195D3FB8027E3CC /* Pods-WeatherANDNewsApp.release.xcconfig */ = {isa = PBXFileReference; includeInIndex = 1; lastKnownFileType = text.xcconfig; name = "Pods-WeatherANDNewsApp.release.xcconfig"; path = "Target Support Files/Pods-WeatherANDNewsApp/Pods-WeatherANDNewsApp.release.xcconfig"; sourceTree = "<group>"; };
/* End PBXFileReference section */

/* Begin PBXFrameworksBuildPhase section */
		8457B72226EE3C7E00F63D01 /* Frameworks */ = {
			isa = PBXFrameworksBuildPhase;
			buildActionMask = 2147483647;
			files = (
				83228F5E6ADF71FA01DAF336 /* Pods_WeatherANDNewsApp.framework in Frameworks */,
			);
			runOnlyForDeploymentPostprocessing = 0;
		};
/* End PBXFrameworksBuildPhase section */

/* Begin PBXGroup section */
		2FF91E743794E1C214EA43CA /* Pods */ = {
			isa = PBXGroup;
			children = (
				3B20C5E7CB043DBCA2A5090A /* Pods-WeatherANDNewsApp.debug.xcconfig */,
				C739BDF95195D3FB8027E3CC /* Pods-WeatherANDNewsApp.release.xcconfig */,
			);
			path = Pods;
			sourceTree = "<group>";
		};
		842A516C26FCC777007CA62F /* NetWorking */ = {
			isa = PBXGroup;
			children = (
				842A516D26FCC798007CA62F /* HTTPManager.swift */,
				842A516F26FCC7A7007CA62F /* ParseManager.swift */,
			);
			path = NetWorking;
			sourceTree = "<group>";
		};
		84534943270B194B002ABC42 /* Media */ = {
			isa = PBXGroup;
			children = (
				84534959270B3DC2002ABC42 /* Fog.mp4 */,
			);
			path = Media;
			sourceTree = "<group>";
		};
		8457B71C26EE3C7E00F63D01 = {
			isa = PBXGroup;
			children = (
				8457B72726EE3C7E00F63D01 /* WeatherANDNewsApp */,
				8457B72626EE3C7E00F63D01 /* Products */,
				2FF91E743794E1C214EA43CA /* Pods */,
				C2348A6E470943D01F5EE8F7 /* Frameworks */,
			);
			sourceTree = "<group>";
		};
		8457B72626EE3C7E00F63D01 /* Products */ = {
			isa = PBXGroup;
			children = (
				8457B72526EE3C7E00F63D01 /* WeatherANDNewsApp.app */,
			);
			name = Products;
			sourceTree = "<group>";
		};
		8457B72726EE3C7E00F63D01 /* WeatherANDNewsApp */ = {
			isa = PBXGroup;
			children = (
				84534943270B194B002ABC42 /* Media */,
				842A516C26FCC777007CA62F /* NetWorking */,
				84C4E72126F7A4C300FAC1D5 /* LocationTableViewCell */,
				84C4117726F343D000381A99 /* Extensions */,
				8457B73F26EE6CD400F63D01 /* Models */,
				8457B73E26EE42A900F63D01 /* StoryBoards */,
				8457B73C26EE427A00F63D01 /* ViewControllers */,
				8457B72826EE3C7E00F63D01 /* AppDelegate.swift */,
				8457B72A26EE3C7E00F63D01 /* SceneDelegate.swift */,
				8457B73126EE3C8600F63D01 /* Assets.xcassets */,
				8457B73326EE3C8600F63D01 /* LaunchScreen.storyboard */,
				8457B73626EE3C8600F63D01 /* Info.plist */,
			);
			path = WeatherANDNewsApp;
			sourceTree = "<group>";
		};
		8457B73C26EE427A00F63D01 /* ViewControllers */ = {
			isa = PBXGroup;
			children = (
				847AC64926FBA3AD0011C3AB /* MainViewController.swift */,
				84BA7F29271B0BE2004879DC /* ChooseMapViewController.swift */,
				8457B72C26EE3C7E00F63D01 /* WeatherViewController.swift */,
				84BE112026F63CB000A2478C /* LocationViewController.swift */,
			);
			path = ViewControllers;
			sourceTree = "<group>";
		};
		8457B73E26EE42A900F63D01 /* StoryBoards */ = {
			isa = PBXGroup;
			children = (
				847AC64726FB9F230011C3AB /* Main.storyboard */,
				8457B72E26EE3C7E00F63D01 /* Weather.storyboard */,
				84BE111E26F63C9A00A2478C /* Location.storyboard */,
			);
			path = StoryBoards;
			sourceTree = "<group>";
		};
		8457B73F26EE6CD400F63D01 /* Models */ = {
			isa = PBXGroup;
			children = (
				842A517326FCCBD9007CA62F /* CurrentWeatherDescription.swift */,
				84C4117A26F348BF00381A99 /* CurrentWeatherMain.swift */,
				84BE112926F77ACA00A2478C /* Location.swift */,
			);
			path = Models;
			sourceTree = "<group>";
		};
		84C4117726F343D000381A99 /* Extensions */ = {
			isa = PBXGroup;
			children = (
				84BE112226F6415700A2478C /* UIViewController+Storyboard.swift */,
				84C4117826F343F300381A99 /* Date+Format.swift */,
			);
			path = Extensions;
			sourceTree = "<group>";
		};
		84C4E72126F7A4C300FAC1D5 /* LocationTableViewCell */ = {
			isa = PBXGroup;
			children = (
				84C4E72226F7A4E900FAC1D5 /* LocationTableViewCell.swift */,
				84C4E72326F7A4E900FAC1D5 /* LocationTableViewCell.xib */,
			);
			path = LocationTableViewCell;
			sourceTree = "<group>";
		};
		C2348A6E470943D01F5EE8F7 /* Frameworks */ = {
			isa = PBXGroup;
			children = (
				4CA15952B7564E0DB864429F /* Pods_WeatherANDNewsApp.framework */,
			);
			name = Frameworks;
			sourceTree = "<group>";
		};
/* End PBXGroup section */

/* Begin PBXNativeTarget section */
		8457B72426EE3C7E00F63D01 /* WeatherANDNewsApp */ = {
			isa = PBXNativeTarget;
			buildConfigurationList = 8457B73926EE3C8600F63D01 /* Build configuration list for PBXNativeTarget "WeatherANDNewsApp" */;
			buildPhases = (
				B9328540B81BC20922C4E6FC /* [CP] Check Pods Manifest.lock */,
				8457B72126EE3C7E00F63D01 /* Sources */,
				8457B72226EE3C7E00F63D01 /* Frameworks */,
				8457B72326EE3C7E00F63D01 /* Resources */,
				D02E5777C60C41E9E6DF15BC /* [CP] Embed Pods Frameworks */,
				AC33389CC9D391EF88C8870B /* [CP] Copy Pods Resources */,
			);
			buildRules = (
			);
			dependencies = (
			);
			name = WeatherANDNewsApp;
			productName = WeatherANDNewsApp;
			productReference = 8457B72526EE3C7E00F63D01 /* WeatherANDNewsApp.app */;
			productType = "com.apple.product-type.application";
		};
/* End PBXNativeTarget section */

/* Begin PBXProject section */
		8457B71D26EE3C7E00F63D01 /* Project object */ = {
			isa = PBXProject;
			attributes = {
				LastSwiftUpdateCheck = 1250;
				LastUpgradeCheck = 1250;
				TargetAttributes = {
					8457B72426EE3C7E00F63D01 = {
						CreatedOnToolsVersion = 12.5.1;
					};
				};
			};
			buildConfigurationList = 8457B72026EE3C7E00F63D01 /* Build configuration list for PBXProject "WeatherANDNewsApp" */;
			compatibilityVersion = "Xcode 9.3";
			developmentRegion = en;
			hasScannedForEncodings = 0;
			knownRegions = (
				en,
				Base,
			);
			mainGroup = 8457B71C26EE3C7E00F63D01;
			productRefGroup = 8457B72626EE3C7E00F63D01 /* Products */;
			projectDirPath = "";
			projectRoot = "";
			targets = (
				8457B72426EE3C7E00F63D01 /* WeatherANDNewsApp */,
			);
		};
/* End PBXProject section */

/* Begin PBXResourcesBuildPhase section */
		8457B72326EE3C7E00F63D01 /* Resources */ = {
			isa = PBXResourcesBuildPhase;
			buildActionMask = 2147483647;
			files = (
				8457B73526EE3C8600F63D01 /* LaunchScreen.storyboard in Resources */,
				8457B73226EE3C8600F63D01 /* Assets.xcassets in Resources */,
				8457B73026EE3C7E00F63D01 /* Weather.storyboard in Resources */,
				8453495A270B3DC2002ABC42 /* Fog.mp4 in Resources */,
				847AC64826FB9F230011C3AB /* Main.storyboard in Resources */,
				84BE111F26F63C9A00A2478C /* Location.storyboard in Resources */,
				84C4E72526F7A4E900FAC1D5 /* LocationTableViewCell.xib in Resources */,
			);
			runOnlyForDeploymentPostprocessing = 0;
		};
/* End PBXResourcesBuildPhase section */

/* Begin PBXShellScriptBuildPhase section */
		AC33389CC9D391EF88C8870B /* [CP] Copy Pods Resources */ = {
			isa = PBXShellScriptBuildPhase;
			buildActionMask = 2147483647;
			files = (
			);
			inputFileListPaths = (
				"${PODS_ROOT}/Target Support Files/Pods-WeatherANDNewsApp/Pods-WeatherANDNewsApp-resources-${CONFIGURATION}-input-files.xcfilelist",
			);
			name = "[CP] Copy Pods Resources";
			outputFileListPaths = (
				"${PODS_ROOT}/Target Support Files/Pods-WeatherANDNewsApp/Pods-WeatherANDNewsApp-resources-${CONFIGURATION}-output-files.xcfilelist",
			);
			runOnlyForDeploymentPostprocessing = 0;
			shellPath = /bin/sh;
			shellScript = "\"${PODS_ROOT}/Target Support Files/Pods-WeatherANDNewsApp/Pods-WeatherANDNewsApp-resources.sh\"\n";
			showEnvVarsInLog = 0;
		};
		B9328540B81BC20922C4E6FC /* [CP] Check Pods Manifest.lock */ = {
			isa = PBXShellScriptBuildPhase;
			buildActionMask = 2147483647;
			files = (
			);
			inputFileListPaths = (
			);
			inputPaths = (
				"${PODS_PODFILE_DIR_PATH}/Podfile.lock",
				"${PODS_ROOT}/Manifest.lock",
			);
			name = "[CP] Check Pods Manifest.lock";
			outputFileListPaths = (
			);
			outputPaths = (
				"$(DERIVED_FILE_DIR)/Pods-WeatherANDNewsApp-checkManifestLockResult.txt",
			);
			runOnlyForDeploymentPostprocessing = 0;
			shellPath = /bin/sh;
			shellScript = "diff \"${PODS_PODFILE_DIR_PATH}/Podfile.lock\" \"${PODS_ROOT}/Manifest.lock\" > /dev/null\nif [ $? != 0 ] ; then\n    # print error to STDERR\n    echo \"error: The sandbox is not in sync with the Podfile.lock. Run 'pod install' or update your CocoaPods installation.\" >&2\n    exit 1\nfi\n# This output is used by Xcode 'outputs' to avoid re-running this script phase.\necho \"SUCCESS\" > \"${SCRIPT_OUTPUT_FILE_0}\"\n";
			showEnvVarsInLog = 0;
		};
		D02E5777C60C41E9E6DF15BC /* [CP] Embed Pods Frameworks */ = {
			isa = PBXShellScriptBuildPhase;
			buildActionMask = 12;
			files = (
			);
			inputFileListPaths = (
				"${PODS_ROOT}/Target Support Files/Pods-WeatherANDNewsApp/Pods-WeatherANDNewsApp-frameworks-${CONFIGURATION}-input-files.xcfilelist",
			);
			name = "[CP] Embed Pods Frameworks";
			outputFileListPaths = (
				"${PODS_ROOT}/Target Support Files/Pods-WeatherANDNewsApp/Pods-WeatherANDNewsApp-frameworks-${CONFIGURATION}-output-files.xcfilelist",
			);
			runOnlyForDeploymentPostprocessing = 0;
			shellPath = /bin/sh;
			shellScript = "\"${PODS_ROOT}/Target Support Files/Pods-WeatherANDNewsApp/Pods-WeatherANDNewsApp-frameworks.sh\"\n";
			showEnvVarsInLog = 0;
		};
/* End PBXShellScriptBuildPhase section */

/* Begin PBXSourcesBuildPhase section */
		8457B72126EE3C7E00F63D01 /* Sources */ = {
			isa = PBXSourcesBuildPhase;
			buildActionMask = 2147483647;
			files = (
				84BE112126F63CB000A2478C /* LocationViewController.swift in Sources */,
				847AC64A26FBA3AD0011C3AB /* MainViewController.swift in Sources */,
				8457B72D26EE3C7E00F63D01 /* WeatherViewController.swift in Sources */,
				84BE112A26F77ACA00A2478C /* Location.swift in Sources */,
				84C4117926F343F300381A99 /* Date+Format.swift in Sources */,
				8457B72926EE3C7E00F63D01 /* AppDelegate.swift in Sources */,
				842A517426FCCBD9007CA62F /* CurrentWeatherDescription.swift in Sources */,
				842A516E26FCC798007CA62F /* HTTPManager.swift in Sources */,
				84BA7F2A271B0BE3004879DC /* ChooseMapViewController.swift in Sources */,
				84C4E72426F7A4E900FAC1D5 /* LocationTableViewCell.swift in Sources */,
				8457B72B26EE3C7E00F63D01 /* SceneDelegate.swift in Sources */,
				84C4117B26F348BF00381A99 /* CurrentWeatherMain.swift in Sources */,
				84BE112326F6415700A2478C /* UIViewController+Storyboard.swift in Sources */,
				842A517026FCC7A7007CA62F /* ParseManager.swift in Sources */,
			);
			runOnlyForDeploymentPostprocessing = 0;
		};
/* End PBXSourcesBuildPhase section */

/* Begin PBXVariantGroup section */
		8457B72E26EE3C7E00F63D01 /* Weather.storyboard */ = {
			isa = PBXVariantGroup;
			children = (
				8457B72F26EE3C7E00F63D01 /* Base */,
			);
			name = Weather.storyboard;
			sourceTree = "<group>";
		};
		8457B73326EE3C8600F63D01 /* LaunchScreen.storyboard */ = {
			isa = PBXVariantGroup;
			children = (
				8457B73426EE3C8600F63D01 /* Base */,
			);
			name = LaunchScreen.storyboard;
			sourceTree = "<group>";
		};
/* End PBXVariantGroup section */

/* Begin XCBuildConfiguration section */
		8457B73726EE3C8600F63D01 /* Debug */ = {
			isa = XCBuildConfiguration;
			buildSettings = {
				ALWAYS_SEARCH_USER_PATHS = NO;
				CLANG_ANALYZER_NONNULL = YES;
				CLANG_ANALYZER_NUMBER_OBJECT_CONVERSION = YES_AGGRESSIVE;
				CLANG_CXX_LANGUAGE_STANDARD = "gnu++14";
				CLANG_CXX_LIBRARY = "libc++";
				CLANG_ENABLE_MODULES = YES;
				CLANG_ENABLE_OBJC_ARC = YES;
				CLANG_ENABLE_OBJC_WEAK = YES;
				CLANG_WARN_BLOCK_CAPTURE_AUTORELEASING = YES;
				CLANG_WARN_BOOL_CONVERSION = YES;
				CLANG_WARN_COMMA = YES;
				CLANG_WARN_CONSTANT_CONVERSION = YES;
				CLANG_WARN_DEPRECATED_OBJC_IMPLEMENTATIONS = YES;
				CLANG_WARN_DIRECT_OBJC_ISA_USAGE = YES_ERROR;
				CLANG_WARN_DOCUMENTATION_COMMENTS = YES;
				CLANG_WARN_EMPTY_BODY = YES;
				CLANG_WARN_ENUM_CONVERSION = YES;
				CLANG_WARN_INFINITE_RECURSION = YES;
				CLANG_WARN_INT_CONVERSION = YES;
				CLANG_WARN_NON_LITERAL_NULL_CONVERSION = YES;
				CLANG_WARN_OBJC_IMPLICIT_RETAIN_SELF = YES;
				CLANG_WARN_OBJC_LITERAL_CONVERSION = YES;
				CLANG_WARN_OBJC_ROOT_CLASS = YES_ERROR;
				CLANG_WARN_QUOTED_INCLUDE_IN_FRAMEWORK_HEADER = YES;
				CLANG_WARN_RANGE_LOOP_ANALYSIS = YES;
				CLANG_WARN_STRICT_PROTOTYPES = YES;
				CLANG_WARN_SUSPICIOUS_MOVE = YES;
				CLANG_WARN_UNGUARDED_AVAILABILITY = YES_AGGRESSIVE;
				CLANG_WARN_UNREACHABLE_CODE = YES;
				CLANG_WARN__DUPLICATE_METHOD_MATCH = YES;
				COPY_PHASE_STRIP = NO;
				DEBUG_INFORMATION_FORMAT = dwarf;
				ENABLE_STRICT_OBJC_MSGSEND = YES;
				ENABLE_TESTABILITY = YES;
				GCC_C_LANGUAGE_STANDARD = gnu11;
				GCC_DYNAMIC_NO_PIC = NO;
				GCC_NO_COMMON_BLOCKS = YES;
				GCC_OPTIMIZATION_LEVEL = 0;
				GCC_PREPROCESSOR_DEFINITIONS = (
					"DEBUG=1",
					"$(inherited)",
				);
				GCC_WARN_64_TO_32_BIT_CONVERSION = YES;
				GCC_WARN_ABOUT_RETURN_TYPE = YES_ERROR;
				GCC_WARN_UNDECLARED_SELECTOR = YES;
				GCC_WARN_UNINITIALIZED_AUTOS = YES_AGGRESSIVE;
				GCC_WARN_UNUSED_FUNCTION = YES;
				GCC_WARN_UNUSED_VARIABLE = YES;
				IPHONEOS_DEPLOYMENT_TARGET = 14.5;
				MTL_ENABLE_DEBUG_INFO = INCLUDE_SOURCE;
				MTL_FAST_MATH = YES;
				ONLY_ACTIVE_ARCH = YES;
				SDKROOT = iphoneos;
				SWIFT_ACTIVE_COMPILATION_CONDITIONS = DEBUG;
				SWIFT_OPTIMIZATION_LEVEL = "-Onone";
			};
			name = Debug;
		};
		8457B73826EE3C8600F63D01 /* Release */ = {
			isa = XCBuildConfiguration;
			buildSettings = {
				ALWAYS_SEARCH_USER_PATHS = NO;
				CLANG_ANALYZER_NONNULL = YES;
				CLANG_ANALYZER_NUMBER_OBJECT_CONVERSION = YES_AGGRESSIVE;
				CLANG_CXX_LANGUAGE_STANDARD = "gnu++14";
				CLANG_CXX_LIBRARY = "libc++";
				CLANG_ENABLE_MODULES = YES;
				CLANG_ENABLE_OBJC_ARC = YES;
				CLANG_ENABLE_OBJC_WEAK = YES;
				CLANG_WARN_BLOCK_CAPTURE_AUTORELEASING = YES;
				CLANG_WARN_BOOL_CONVERSION = YES;
				CLANG_WARN_COMMA = YES;
				CLANG_WARN_CONSTANT_CONVERSION = YES;
				CLANG_WARN_DEPRECATED_OBJC_IMPLEMENTATIONS = YES;
				CLANG_WARN_DIRECT_OBJC_ISA_USAGE = YES_ERROR;
				CLANG_WARN_DOCUMENTATION_COMMENTS = YES;
				CLANG_WARN_EMPTY_BODY = YES;
				CLANG_WARN_ENUM_CONVERSION = YES;
				CLANG_WARN_INFINITE_RECURSION = YES;
				CLANG_WARN_INT_CONVERSION = YES;
				CLANG_WARN_NON_LITERAL_NULL_CONVERSION = YES;
				CLANG_WARN_OBJC_IMPLICIT_RETAIN_SELF = YES;
				CLANG_WARN_OBJC_LITERAL_CONVERSION = YES;
				CLANG_WARN_OBJC_ROOT_CLASS = YES_ERROR;
				CLANG_WARN_QUOTED_INCLUDE_IN_FRAMEWORK_HEADER = YES;
				CLANG_WARN_RANGE_LOOP_ANALYSIS = YES;
				CLANG_WARN_STRICT_PROTOTYPES = YES;
				CLANG_WARN_SUSPICIOUS_MOVE = YES;
				CLANG_WARN_UNGUARDED_AVAILABILITY = YES_AGGRESSIVE;
				CLANG_WARN_UNREACHABLE_CODE = YES;
				CLANG_WARN__DUPLICATE_METHOD_MATCH = YES;
				COPY_PHASE_STRIP = NO;
				DEBUG_INFORMATION_FORMAT = "dwarf-with-dsym";
				ENABLE_NS_ASSERTIONS = NO;
				ENABLE_STRICT_OBJC_MSGSEND = YES;
				GCC_C_LANGUAGE_STANDARD = gnu11;
				GCC_NO_COMMON_BLOCKS = YES;
				GCC_WARN_64_TO_32_BIT_CONVERSION = YES;
				GCC_WARN_ABOUT_RETURN_TYPE = YES_ERROR;
				GCC_WARN_UNDECLARED_SELECTOR = YES;
				GCC_WARN_UNINITIALIZED_AUTOS = YES_AGGRESSIVE;
				GCC_WARN_UNUSED_FUNCTION = YES;
				GCC_WARN_UNUSED_VARIABLE = YES;
				IPHONEOS_DEPLOYMENT_TARGET = 14.5;
				MTL_ENABLE_DEBUG_INFO = NO;
				MTL_FAST_MATH = YES;
				SDKROOT = iphoneos;
				SWIFT_COMPILATION_MODE = wholemodule;
				SWIFT_OPTIMIZATION_LEVEL = "-O";
				VALIDATE_PRODUCT = YES;
			};
			name = Release;
		};
		8457B73A26EE3C8600F63D01 /* Debug */ = {
			isa = XCBuildConfiguration;
			baseConfigurationReference = 3B20C5E7CB043DBCA2A5090A /* Pods-WeatherANDNewsApp.debug.xcconfig */;
			buildSettings = {
				ASSETCATALOG_COMPILER_APPICON_NAME = AppIcon;
				ASSETCATALOG_COMPILER_GLOBAL_ACCENT_COLOR_NAME = AccentColor;
				CODE_SIGN_STYLE = Automatic;
				DEVELOPMENT_TEAM = BG6N9Q9MDU;
				INFOPLIST_FILE = WeatherANDNewsApp/Info.plist;
				IPHONEOS_DEPLOYMENT_TARGET = 14.5;
				LD_RUNPATH_SEARCH_PATHS = (
					"$(inherited)",
					"@executable_path/Frameworks",
				);
				PRODUCT_BUNDLE_IDENTIFIER = com.yourcompany.WeatherANDNewsApp.WeatherANDNewsApp;
				PRODUCT_NAME = "$(TARGET_NAME)";
				SWIFT_VERSION = 5.0;
				TARGETED_DEVICE_FAMILY = "1,2";
			};
			name = Debug;
		};
		8457B73B26EE3C8600F63D01 /* Release */ = {
			isa = XCBuildConfiguration;
			baseConfigurationReference = C739BDF95195D3FB8027E3CC /* Pods-WeatherANDNewsApp.release.xcconfig */;
			buildSettings = {
				ASSETCATALOG_COMPILER_APPICON_NAME = AppIcon;
				ASSETCATALOG_COMPILER_GLOBAL_ACCENT_COLOR_NAME = AccentColor;
				CODE_SIGN_STYLE = Automatic;
				DEVELOPMENT_TEAM = BG6N9Q9MDU;
				INFOPLIST_FILE = WeatherANDNewsApp/Info.plist;
				IPHONEOS_DEPLOYMENT_TARGET = 14.5;
				LD_RUNPATH_SEARCH_PATHS = (
					"$(inherited)",
					"@executable_path/Frameworks",
				);
				PRODUCT_BUNDLE_IDENTIFIER = com.yourcompany.WeatherANDNewsApp.WeatherANDNewsApp;
				PRODUCT_NAME = "$(TARGET_NAME)";
				SWIFT_VERSION = 5.0;
				TARGETED_DEVICE_FAMILY = "1,2";
			};
			name = Release;
		};
/* End XCBuildConfiguration section */

/* Begin XCConfigurationList section */
		8457B72026EE3C7E00F63D01 /* Build configuration list for PBXProject "WeatherANDNewsApp" */ = {
			isa = XCConfigurationList;
			buildConfigurations = (
				8457B73726EE3C8600F63D01 /* Debug */,
				8457B73826EE3C8600F63D01 /* Release */,
			);
			defaultConfigurationIsVisible = 0;
			defaultConfigurationName = Release;
		};
		8457B73926EE3C8600F63D01 /* Build configuration list for PBXNativeTarget "WeatherANDNewsApp" */ = {
			isa = XCConfigurationList;
			buildConfigurations = (
				8457B73A26EE3C8600F63D01 /* Debug */,
				8457B73B26EE3C8600F63D01 /* Release */,
			);
			defaultConfigurationIsVisible = 0;
			defaultConfigurationName = Release;
		};
/* End XCConfigurationList section */
	};
	rootObject = 8457B71D26EE3C7E00F63D01 /* Project object */;
}
